
Microsoft Visual Studio Solution File, Format Version 12.00
# Visual Studio 2012
Project("{FAE04EC0-301F-11D3-BF4B-00C04F79EFBC}") = "Eleven41.Extensions", "Eleven41.Extensions\Eleven41.Extensions.csproj", "{F75EE92A-CB94-4748-96C3-9B4D5F08F89F}"
EndProject
Project("{FAE04EC0-301F-11D3-BF4B-00C04F79EFBC}") = "Tests", "Tests\Tests.csproj", "{1FA07E6C-994A-4DDA-8038-3D08694B3CD6}"
EndProject
Global
	GlobalSection(SolutionConfigurationPlatforms) = preSolution
		Debug|Any CPU = Debug|Any CPU
		Release|Any CPU = Release|Any CPU
	EndGlobalSection
	GlobalSection(ProjectConfigurationPlatforms) = postSolution
		{F75EE92A-CB94-4748-96C3-9B4D5F08F89F}.Debug|Any CPU.ActiveCfg = Debug|Any CPU
		{F75EE92A-CB94-4748-96C3-9B4D5F08F89F}.Debug|Any CPU.Build.0 = Debug|Any CPU
		{F75EE92A-CB94-4748-96C3-9B4D5F08F89F}.Release|Any CPU.ActiveCfg = Release|Any CPU
		{F75EE92A-CB94-4748-96C3-9B4D5F08F89F}.Release|Any CPU.Build.0 = Release|Any CPU
		{1FA07E6C-994A-4DDA-8038-3D08694B3CD6}.Debug|Any CPU.ActiveCfg = Debug|Any CPU
		{1FA07E6C-994A-4DDA-8038-3D08694B3CD6}.Debug|Any CPU.Build.0 = Debug|Any CPU
		{1FA07E6C-994A-4DDA-8038-3D08694B3CD6}.Release|Any CPU.ActiveCfg = Release|Any CPU
		{1FA07E6C-994A-4DDA-8038-3D08694B3CD6}.Release|Any CPU.Build.0 = Release|Any CPU
	EndGlobalSection
	GlobalSection(SolutionProperties) = preSolution
		HideSolutionNode = FALSE
	EndGlobalSection
EndGlobal
